<?xml version="1.0" encoding="utf-8"?>
<Project ToolsVersion="4.0" xmlns="http://schemas.microsoft.com/developer/msbuild/2003">
  <ItemGroup>
    <Filter Include="Файлы исходного кода">
      <UniqueIdentifier>{4FC737F1-C7A5-4376-A066-2A32D752A2FF}</UniqueIdentifier>
      <Extensions>cpp;c;cc;cxx;def;odl;idl;hpj;bat;asm;asmx</Extensions>
    </Filter>
    <Filter Include="Заголовочные файлы">
      <UniqueIdentifier>{93995380-89BD-4b04-88EB-625FBE52EBFB}</UniqueIdentifier>
      <Extensions>h;hpp;hxx;hm;inl;inc;xsd</Extensions>
    </Filter>
    <Filter Include="Файлы ресурсов">
      <UniqueIdentifier>{67DA6AB6-F800-4c08-8B7A-83BB121AAD01}</UniqueIdentifier>
      <Extensions>rc;ico;cur;bmp;dlg;rc2;rct;bin;rgs;gif;jpg;jpeg;jpe;resx;tiff;tif;png;wav;mfcribbon-ms</Extensions>
    </Filter>
    <Filter Include="Файлы исходного кода\lib">
      <UniqueIdentifier>{6659013d-2a2a-46b6-8fe4-62fcbea4d42e}</UniqueIdentifier>
    </Filter>
    <Filter Include="Файлы исходного кода\common">
      <UniqueIdentifier>{3bebbc55-20df-4d55-b394-29d17855debd}</UniqueIdentifier>
    </Filter>
    <Filter Include="Заголовочные файлы\include">
      <UniqueIdentifier>{93ca9118-aeb8-4d89-8b53-dd8ba9ecfaec}</UniqueIdentifier>
    </Filter>
    <Filter Include="Заголовочные файлы\common">
      <UniqueIdentifier>{f9cac1b5-4ed4-40a7-b414-530dbf3fc10f}</UniqueIdentifier>
    </Filter>
  </ItemGroup>
  <ItemGroup>
    <ClCompile Include="HCheckStateTemplate.cpp">
      <Filter>Файлы исходного кода</Filter>
    </ClCompile>
    <ClCompile Include="HThreadGetData.cpp">
      <Filter>Файлы исходного кода</Filter>
    </ClCompile>
    <ClCompile Include="HThreadTimer.cpp">
      <Filter>Файлы исходного кода</Filter>
    </ClCompile>
    <ClCompile Include="MainFrm.cpp">
      <Filter>Файлы исходного кода</Filter>
    </ClCompile>
    <ClCompile Include="PseudoKTS.cpp">
      <Filter>Файлы исходного кода</Filter>
    </ClCompile>
    <ClCompile Include="PseudoKTSDoc.cpp">
      <Filter>Файлы исходного кода</Filter>
    </ClCompile>
    <ClCompile Include="PseudoKTSView.cpp">
      <Filter>Файлы исходного кода</Filter>
    </ClCompile>
    <ClCompile Include="stdafx.cpp">
      <Filter>Файлы исходного кода</Filter>
    </ClCompile>
    <ClCompile Include="htreectrlpseudo.cpp">
      <Filter>Файлы исходного кода</Filter>
    </ClCompile>
    <ClCompile Include="HDlgGUIFilesDB.cpp">
      <Filter>Файлы исходного кода</Filter>
    </ClCompile>
    <ClCompile Include="HThreadWriteData.cpp">
      <Filter>Файлы исходного кода</Filter>
    </ClCompile>
    <ClCompile Include="HThreadGUIFilesDB.cpp">
      <Filter>Файлы исходного кода</Filter>
    </ClCompile>
    <ClCompile Include="hdlgguicontrol.cpp">
      <Filter>Файлы исходного кода</Filter>
    </ClCompile>
    <ClCompile Include="hthreadcreatetemplate.cpp">
      <Filter>Файлы исходного кода</Filter>
    </ClCompile>
    <ClCompile Include="HThreadGUIControl.cpp">
      <Filter>Файлы исходного кода</Filter>
    </ClCompile>
    <ClCompile Include="..\common\HCheckStateKTS.cpp">
      <Filter>Файлы исходного кода\common</Filter>
    </ClCompile>
    <ClCompile Include="..\..\..\..\..\My Project%27s\Work%27s\C++\UserKTS\common\HData.cpp">
      <Filter>Файлы исходного кода\common</Filter>
    </ClCompile>
    <ClCompile Include="..\..\..\..\..\My Project%27s\Work%27s\C++\HCppClassLibrary\src\HDatabase.cpp">
      <Filter>Файлы исходного кода\lib</Filter>
    </ClCompile>
    <ClCompile Include="..\..\..\..\..\My Project%27s\Work%27s\C++\HCppClassLibrary\src\hdatabasesql.cpp">
      <Filter>Файлы исходного кода\lib</Filter>
    </ClCompile>
    <ClCompile Include="..\common\HDateTimeInterval.cpp">
      <Filter>Файлы исходного кода\common</Filter>
    </ClCompile>
    <ClCompile Include="..\common\hdbsettings.cpp">
      <Filter>Файлы исходного кода\common</Filter>
    </ClCompile>
    <ClCompile Include="..\..\..\..\..\My Project%27s\Work%27s\C++\HCppClassLibrary\src\HDlg.cpp">
      <Filter>Файлы исходного кода\lib</Filter>
    </ClCompile>
    <ClCompile Include="..\..\..\..\..\My Project%27s\Work%27s\C++\HCppClassLibrary\src\HDlgChoiceDirectory.cpp">
      <Filter>Файлы исходного кода\lib</Filter>
    </ClCompile>
    <ClCompile Include="..\common\HDlgKTS.cpp">
      <Filter>Файлы исходного кода\common</Filter>
    </ClCompile>
    <ClCompile Include="..\common\hdlgktsfiles.cpp">
      <Filter>Файлы исходного кода\common</Filter>
    </ClCompile>
    <ClCompile Include="..\common\HEnerg5Data.cpp">
      <Filter>Файлы исходного кода\common</Filter>
    </ClCompile>
    <ClCompile Include="..\common\HEnerg6Data.cpp">
      <Filter>Файлы исходного кода\common</Filter>
    </ClCompile>
    <ClCompile Include="..\common\HEnergData.cpp">
      <Filter>Файлы исходного кода\common</Filter>
    </ClCompile>
    <ClCompile Include="..\..\..\..\..\My Project%27s\Work%27s\C++\HCppClassLibrary\src\HFileInfo.cpp">
      <Filter>Файлы исходного кода\lib</Filter>
    </ClCompile>
    <ClCompile Include="..\..\..\..\..\My Project%27s\Work%27s\C++\HCppClassLibrary\src\HRecordset.cpp">
      <Filter>Файлы исходного кода\lib</Filter>
    </ClCompile>
    <ClCompile Include="..\..\..\..\..\My Project%27s\Work%27s\C++\HCppClassLibrary\src\HThreadFileLog.cpp">
      <Filter>Файлы исходного кода\lib</Filter>
    </ClCompile>
    <ClCompile Include="..\..\..\..\..\My Project%27s\Work%27s\C++\HCppClassLibrary\src\HThreadDirectoryWatched.cpp">
      <Filter>Файлы исходного кода\lib</Filter>
    </ClCompile>
    <ClCompile Include="..\..\..\..\..\My Project%27s\Work%27s\C++\HCppClassLibrary\src\hstring.cpp">
      <Filter>Файлы исходного кода\lib</Filter>
    </ClCompile>
    <ClCompile Include="..\..\..\..\..\My Project%27s\Work%27s\C++\HCppClassLibrary\src\HFileLog.cpp">
      <Filter>Файлы исходного кода\lib</Filter>
    </ClCompile>
    <ClCompile Include="..\common\HWinAppKTS.cpp">
      <Filter>Файлы исходного кода\common</Filter>
    </ClCompile>
    <ClCompile Include="..\..\..\..\..\My Project%27s\Work%27s\C++\HCppClassLibrary\src\lib_dttm.cpp">
      <Filter>Файлы исходного кода\lib</Filter>
    </ClCompile>
    <ClCompile Include="..\..\..\..\..\My Project%27s\Work%27s\C++\HCppClassLibrary\src\HWinApp.cpp">
      <Filter>Файлы исходного кода\lib</Filter>
    </ClCompile>
    <ClCompile Include="..\..\..\..\..\My Project%27s\Work%27s\C++\HCppClassLibrary\src\HWinThread.cpp">
      <Filter>Файлы исходного кода\lib</Filter>
    </ClCompile>
    <ClCompile Include="..\common\htreectrlkts.cpp">
      <Filter>Файлы исходного кода\common</Filter>
    </ClCompile>
    <ClCompile Include="..\common\HObjectTemplate.cpp">
      <Filter>Файлы исходного кода\common</Filter>
    </ClCompile>
  </ItemGroup>
  <ItemGroup>
    <ClInclude Include="MainFrm.h">
      <Filter>Заголовочные файлы</Filter>
    </ClInclude>
    <ClInclude Include="PseudoKTS.h">
      <Filter>Заголовочные файлы</Filter>
    </ClInclude>
    <ClInclude Include="PseudoKTSDoc.h">
      <Filter>Заголовочные файлы</Filter>
    </ClInclude>
    <ClInclude Include="PseudoKTSView.h">
      <Filter>Заголовочные файлы</Filter>
    </ClInclude>
    <ClInclude Include="Resource.h">
      <Filter>Заголовочные файлы</Filter>
    </ClInclude>
    <ClInclude Include="stdafx.h">
      <Filter>Заголовочные файлы</Filter>
    </ClInclude>
    <ClInclude Include="targetver.h">
      <Filter>Заголовочные файлы</Filter>
    </ClInclude>
    <ClInclude Include="identifiers.h">
      <Filter>Заголовочные файлы</Filter>
    </ClInclude>
    <ClInclude Include="HDlgGUIFilesDB.h">
      <Filter>Заголовочные файлы</Filter>
    </ClInclude>
    <ClInclude Include="HThreadGUIFilesDB.h">
      <Filter>Заголовочные файлы</Filter>
    </ClInclude>
    <ClInclude Include="HThreadWriteData.h">
      <Filter>Заголовочные файлы</Filter>
    </ClInclude>
    <ClInclude Include="hdlgguicontrol.h">
      <Filter>Заголовочные файлы</Filter>
    </ClInclude>
    <ClInclude Include="hthreadcreatetemplate.h">
      <Filter>Заголовочные файлы</Filter>
    </ClInclude>
    <ClInclude Include="HThreadGUIControl.h">
      <Filter>Заголовочные файлы</Filter>
    </ClInclude>
    <ClInclude Include="..\common\hdlgktsfiles.h">
      <Filter>Заголовочные файлы\common</Filter>
    </ClInclude>
    <ClInclude Include="..\common\HEnerg6Data.h">
      <Filter>Заголовочные файлы\common</Filter>
    </ClInclude>
    <ClInclude Include="..\common\HEnerg5Data.h">
      <Filter>Заголовочные файлы\common</Filter>
    </ClInclude>
    <ClInclude Include="..\..\include\HThreadDirectoryWatched.h">
      <Filter>Заголовочные файлы\include</Filter>
    </ClInclude>
    <ClInclude Include="..\..\..\..\..\My Project%27s\Work%27s\C++\UserKTS\common\common_identifiers.h">
      <Filter>Заголовочные файлы\common</Filter>
    </ClInclude>
  </ItemGroup>
  <ItemGroup>
    <ResourceCompile Include="PseudoKTS.rc">
      <Filter>Файлы ресурсов</Filter>
    </ResourceCompile>
  </ItemGroup>
  <ItemGroup>
    <None Include="ReadMe.txt" />
    <None Include="..\..\res\icon_pseudo.ico">
      <Filter>Файлы ресурсов</Filter>
    </None>
    <None Include="..\..\res\icon_treectrl_state_checked.ico">
      <Filter>Файлы ресурсов</Filter>
    </None>
    <None Include="..\..\res\icon_treectrl_state_mixed.ico">
      <Filter>Файлы ресурсов</Filter>
    </None>
    <None Include="..\..\res\icon_treectrl_state_ro_checked.ico">
      <Filter>Файлы ресурсов</Filter>
    </None>
    <None Include="..\..\res\icon_treectrl_state_ro_unchecked.ico">
      <Filter>Файлы ресурсов</Filter>
    </None>
    <None Include="..\..\res\icon_treectrl_state_unchecked.ico">
      <Filter>Файлы ресурсов</Filter>
    </None>
    <None Include="res\PseudoKTS.rc2">
      <Filter>Файлы ресурсов</Filter>
    </None>
    <None Include="res\PseudoKTSDoc.ico">
      <Filter>Файлы ресурсов</Filter>
    </None>
  </ItemGroup>
</Project>