<?xml version="1.0" encoding="utf-8"?>
<Project ToolsVersion="4.0" xmlns="http://schemas.microsoft.com/developer/msbuild/2003">
  <ItemGroup>
    <Filter Include="Файлы исходного кода">
      <UniqueIdentifier>{4FC737F1-C7A5-4376-A066-2A32D752A2FF}</UniqueIdentifier>
      <Extensions>cpp;c;cc;cxx;def;odl;idl;hpj;bat;asm;asmx</Extensions>
    </Filter>
    <Filter Include="Заголовочные файлы">
      <UniqueIdentifier>{93995380-89BD-4b04-88EB-625FBE52EBFB}</UniqueIdentifier>
      <Extensions>h;hpp;hxx;hm;inl;inc;xsd</Extensions>
    </Filter>
    <Filter Include="Файлы ресурсов">
      <UniqueIdentifier>{67DA6AB6-F800-4c08-8B7A-83BB121AAD01}</UniqueIdentifier>
      <Extensions>rc;ico;cur;bmp;dlg;rc2;rct;bin;rgs;gif;jpg;jpeg;jpe;resx;tiff;tif;png;wav;mfcribbon-ms</Extensions>
    </Filter>
    <Filter Include="Заголовочные файлы\include">
      <UniqueIdentifier>{54b70958-009b-4dad-b25b-3857a8202057}</UniqueIdentifier>
    </Filter>
    <Filter Include="Заголовочные файлы\common">
      <UniqueIdentifier>{2a0e32ab-a1e1-4553-9050-a55cf0228d48}</UniqueIdentifier>
    </Filter>
    <Filter Include="Файлы исходного кода\lib">
      <UniqueIdentifier>{088a3e5d-6613-4afe-98f4-32128c95f58b}</UniqueIdentifier>
    </Filter>
    <Filter Include="Файлы исходного кода\common">
      <UniqueIdentifier>{01410364-62cc-4ebf-ab03-ea627c2ea694}</UniqueIdentifier>
    </Filter>
  </ItemGroup>
  <ItemGroup>
    <None Include="icon_sdd.ico">
      <Filter>Файлы ресурсов</Filter>
    </None>
    <None Include="res\icon_src.JPG">
      <Filter>Файлы ресурсов</Filter>
    </None>
    <None Include="icon_sdd_ctrl.ico">
      <Filter>Файлы ресурсов</Filter>
    </None>
  </ItemGroup>
  <ItemGroup>
    <ResourceCompile Include="..\..\..\..\..\My Project%27s\Work%27s\C++\UserKTS\sdd_ctrl\sdd_ctrl.rc">
      <Filter>Файлы ресурсов</Filter>
    </ResourceCompile>
  </ItemGroup>
  <ItemGroup>
    <ClInclude Include="..\..\..\..\..\My Project%27s\Work%27s\C++\UserKTS\sdd_ctrl\resource.h">
      <Filter>Заголовочные файлы</Filter>
    </ClInclude>
    <ClInclude Include="..\..\..\..\..\My Project%27s\Work%27s\C++\UserKTS\sdd_ctrl\identifiers.h">
      <Filter>Заголовочные файлы</Filter>
    </ClInclude>
    <ClInclude Include="..\..\..\..\..\My Project%27s\Work%27s\C++\UserKTS\sdd_ctrl\stdafx.h">
      <Filter>Заголовочные файлы</Filter>
    </ClInclude>
    <ClInclude Include="..\..\..\..\..\My Project%27s\Work%27s\C++\UserKTS\sdd_ctrl\targetver.h">
      <Filter>Заголовочные файлы</Filter>
    </ClInclude>
    <ClInclude Include="SDDControlApp.h">
      <Filter>Заголовочные файлы</Filter>
    </ClInclude>
    <ClInclude Include="..\..\..\..\..\My Project%27s\Work%27s\C++\include\HFileInfo.h">
      <Filter>Заголовочные файлы\include</Filter>
    </ClInclude>
    <ClInclude Include="..\..\..\..\..\My Project%27s\Work%27s\C++\include\HFileLog.h">
      <Filter>Заголовочные файлы\include</Filter>
    </ClInclude>
    <ClInclude Include="..\..\..\..\..\My Project%27s\Work%27s\C++\include\hstring.h">
      <Filter>Заголовочные файлы\include</Filter>
    </ClInclude>
    <ClInclude Include="..\..\..\..\..\My Project%27s\Work%27s\C++\include\hwinapp.h">
      <Filter>Заголовочные файлы\include</Filter>
    </ClInclude>
  </ItemGroup>
  <ItemGroup>
    <ClCompile Include="..\..\..\..\..\My Project%27s\Work%27s\C++\UserKTS\sdd_ctrl\stdafx.cpp">
      <Filter>Файлы исходного кода</Filter>
    </ClCompile>
    <ClCompile Include="SDDControlApp.cpp">
      <Filter>Файлы исходного кода</Filter>
    </ClCompile>
    <ClCompile Include="..\..\..\..\..\My Project%27s\Work%27s\C++\HCppClassLibrary\src\HFileInfo.cpp">
      <Filter>Файлы исходного кода\lib</Filter>
    </ClCompile>
    <ClCompile Include="..\..\..\..\..\My Project%27s\Work%27s\C++\HCppClassLibrary\src\HFileLog.cpp">
      <Filter>Файлы исходного кода\lib</Filter>
    </ClCompile>
    <ClCompile Include="..\..\..\..\..\My Project%27s\Work%27s\C++\HCppClassLibrary\src\hstring.cpp">
      <Filter>Файлы исходного кода\lib</Filter>
    </ClCompile>
    <ClCompile Include="..\..\..\..\..\My Project%27s\Work%27s\C++\HCppClassLibrary\src\HWinApp.cpp">
      <Filter>Файлы исходного кода\lib</Filter>
    </ClCompile>
  </ItemGroup>
</Project>